
Microsoft Visual Studio Solution File, Format Version 12.00
# Visual Studio Version 16
VisualStudioVersion = 16.0.31729.503
MinimumVisualStudioVersion = 10.0.40219.1
Project("{8BC9CEB8-8B4A-11D0-8D11-00A0C91BC942}") = "05数组与函数的应用", "05数组与函数的应用\05数组与函数的应用.vcxproj", "{21419718-309C-4D2F-A552-7298C00F7EF3}"
EndProject
Global
	GlobalSection(SolutionConfigurationPlatforms) = preSolution
		Debug|x64 = Debug|x64
		Debug|x86 = Debug|x86
		Release|x64 = Release|x64
		Release|x86 = Release|x86
	EndGlobalSection
	GlobalSection(ProjectConfigurationPlatforms) = postSolution
		{21419718-309C-4D2F-A552-7298C00F7EF3}.Debug|x64.ActiveCfg = Debug|x64
		{21419718-309C-4D2F-A552-7298C00F7EF3}.Debug|x64.Build.0 = Debug|x64
		{21419718-309C-4D2F-A552-7298C00F7EF3}.Debug|x86.ActiveCfg = Debug|Win32
		{21419718-309C-4D2F-A552-7298C00F7EF3}.Debug|x86.Build.0 = Debug|Win32
		{21419718-309C-4D2F-A552-7298C00F7EF3}.Release|x64.ActiveCfg = Release|x64
		{21419718-309C-4D2F-A552-7298C00F7EF3}.Release|x64.Build.0 = Release|x64
		{21419718-309C-4D2F-A552-7298C00F7EF3}.Release|x86.ActiveCfg = Release|Win32
		{21419718-309C-4D2F-A552-7298C00F7EF3}.Release|x86.Build.0 = Release|Win32
	EndGlobalSection
	GlobalSection(SolutionProperties) = preSolution
		HideSolutionNode = FALSE
	EndGlobalSection
	GlobalSection(ExtensibilityGlobals) = postSolution
		SolutionGuid = {AC2FE90C-CFDE-42DB-BF73-5D6B6E77C9CC}
	EndGlobalSection
EndGlobal
